// !$*UTF8*$!
{
	archiveVersion = 1;
	classes = {
	};
	objectVersion = 46;
	objects = {

/* Begin PBXBuildFile section */
		18EC22A118B5A0B400316B6E /* Foundation.framework in Frameworks */ = {isa = PBXBuildFile; fileRef = 18EC22A018B5A0B400316B6E /* Foundation.framework */; };
		18EC22A318B5A0B400316B6E /* CoreGraphics.framework in Frameworks */ = {isa = PBXBuildFile; fileRef = 18EC22A218B5A0B400316B6E /* CoreGraphics.framework */; };
		18EC22A518B5A0B400316B6E /* UIKit.framework in Frameworks */ = {isa = PBXBuildFile; fileRef = 18EC22A418B5A0B400316B6E /* UIKit.framework */; };
		18EC22AB18B5A0B400316B6E /* InfoPlist.strings in Resources */ = {isa = PBXBuildFile; fileRef = 18EC22A918B5A0B400316B6E /* InfoPlist.strings */; };
		18EC22AD18B5A0B400316B6E /* main.m in Sources */ = {isa = PBXBuildFile; fileRef = 18EC22AC18B5A0B400316B6E /* main.m */; };
		18EC22B118B5A0B400316B6E /* AppDelegate.m in Sources */ = {isa = PBXBuildFile; fileRef = 18EC22B018B5A0B400316B6E /* AppDelegate.m */; };
		18EC22B318B5A0B400316B6E /* Images.xcassets in Resources */ = {isa = PBXBuildFile; fileRef = 18EC22B218B5A0B400316B6E /* Images.xcassets */; };
		18EC22BA18B5A0B400316B6E /* XCTest.framework in Frameworks */ = {isa = PBXBuildFile; fileRef = 18EC22B918B5A0B400316B6E /* XCTest.framework */; };
		18EC22BB18B5A0B400316B6E /* Foundation.framework in Frameworks */ = {isa = PBXBuildFile; fileRef = 18EC22A018B5A0B400316B6E /* Foundation.framework */; };
		18EC22BC18B5A0B400316B6E /* UIKit.framework in Frameworks */ = {isa = PBXBuildFile; fileRef = 18EC22A418B5A0B400316B6E /* UIKit.framework */; };
		18EC22C418B5A0B400316B6E /* InfoPlist.strings in Resources */ = {isa = PBXBuildFile; fileRef = 18EC22C218B5A0B400316B6E /* InfoPlist.strings */; };
		18EC22C618B5A0B400316B6E /* BeagleTests.m in Sources */ = {isa = PBXBuildFile; fileRef = 18EC22C518B5A0B400316B6E /* BeagleTests.m */; };
/* End PBXBuildFile section */

/* Begin PBXContainerItemProxy section */
		18EC22BD18B5A0B400316B6E /* PBXContainerItemProxy */ = {
			isa = PBXContainerItemProxy;
			containerPortal = 18EC229518B5A0B400316B6E /* Project object */;
			proxyType = 1;
			remoteGlobalIDString = 18EC229C18B5A0B400316B6E;
			remoteInfo = Beagle;
		};
/* End PBXContainerItemProxy section */

/* Begin PBXFileReference section */
		18EC229D18B5A0B400316B6E /* Beagle.app */ = {isa = PBXFileReference; explicitFileType = wrapper.application; includeInIndex = 0; path = Beagle.app; sourceTree = BUILT_PRODUCTS_DIR; };
		18EC22A018B5A0B400316B6E /* Foundation.framework */ = {isa = PBXFileReference; lastKnownFileType = wrapper.framework; name = Foundation.framework; path = System/Library/Frameworks/Foundation.framework; sourceTree = SDKROOT; };
		18EC22A218B5A0B400316B6E /* CoreGraphics.framework */ = {isa = PBXFileReference; lastKnownFileType = wrapper.framework; name = CoreGraphics.framework; path = System/Library/Frameworks/CoreGraphics.framework; sourceTree = SDKROOT; };
		18EC22A418B5A0B400316B6E /* UIKit.framework */ = {isa = PBXFileReference; lastKnownFileType = wrapper.framework; name = UIKit.framework; path = System/Library/Frameworks/UIKit.framework; sourceTree = SDKROOT; };
		18EC22A818B5A0B400316B6E /* Beagle-Info.plist */ = {isa = PBXFileReference; lastKnownFileType = text.plist.xml; path = "Beagle-Info.plist"; sourceTree = "<group>"; };
		18EC22AA18B5A0B400316B6E /* en */ = {isa = PBXFileReference; lastKnownFileType = text.plist.strings; name = en; path = en.lproj/InfoPlist.strings; sourceTree = "<group>"; };
		18EC22AC18B5A0B400316B6E /* main.m */ = {isa = PBXFileReference; lastKnownFileType = sourcecode.c.objc; path = main.m; sourceTree = "<group>"; };
		18EC22AE18B5A0B400316B6E /* Beagle-Prefix.pch */ = {isa = PBXFileReference; lastKnownFileType = sourcecode.c.h; path = "Beagle-Prefix.pch"; sourceTree = "<group>"; };
		18EC22AF18B5A0B400316B6E /* AppDelegate.h */ = {isa = PBXFileReference; lastKnownFileType = sourcecode.c.h; path = AppDelegate.h; sourceTree = "<group>"; };
		18EC22B018B5A0B400316B6E /* AppDelegate.m */ = {isa = PBXFileReference; lastKnownFileType = sourcecode.c.objc; path = AppDelegate.m; sourceTree = "<group>"; };
		18EC22B218B5A0B400316B6E /* Images.xcassets */ = {isa = PBXFileReference; lastKnownFileType = folder.assetcatalog; path = Images.xcassets; sourceTree = "<group>"; };
		18EC22B818B5A0B400316B6E /* BeagleTests.xctest */ = {isa = PBXFileReference; explicitFileType = wrapper.cfbundle; includeInIndex = 0; path = BeagleTests.xctest; sourceTree = BUILT_PRODUCTS_DIR; };
		18EC22B918B5A0B400316B6E /* XCTest.framework */ = {isa = PBXFileReference; lastKnownFileType = wrapper.framework; name = XCTest.framework; path = Library/Frameworks/XCTest.framework; sourceTree = DEVELOPER_DIR; };
		18EC22C118B5A0B400316B6E /* BeagleTests-Info.plist */ = {isa = PBXFileReference; lastKnownFileType = text.plist.xml; path = "BeagleTests-Info.plist"; sourceTree = "<group>"; };
		18EC22C318B5A0B400316B6E /* en */ = {isa = PBXFileReference; lastKnownFileType = text.plist.strings; name = en; path = en.lproj/InfoPlist.strings; sourceTree = "<group>"; };
		18EC22C518B5A0B400316B6E /* BeagleTests.m */ = {isa = PBXFileReference; lastKnownFileType = sourcecode.c.objc; path = BeagleTests.m; sourceTree = "<group>"; };
/* End PBXFileReference section */

/* Begin PBXFrameworksBuildPhase section */
		18EC229A18B5A0B400316B6E /* Frameworks */ = {
			isa = PBXFrameworksBuildPhase;
			buildActionMask = 2147483647;
			files = (
				18EC22A318B5A0B400316B6E /* CoreGraphics.framework in Frameworks */,
				18EC22A518B5A0B400316B6E /* UIKit.framework in Frameworks */,
				18EC22A118B5A0B400316B6E /* Foundation.framework in Frameworks */,
			);
			runOnlyForDeploymentPostprocessing = 0;
		};
		18EC22B518B5A0B400316B6E /* Frameworks */ = {
			isa = PBXFrameworksBuildPhase;
			buildActionMask = 2147483647;
			files = (
				18EC22BA18B5A0B400316B6E /* XCTest.framework in Frameworks */,
				18EC22BC18B5A0B400316B6E /* UIKit.framework in Frameworks */,
				18EC22BB18B5A0B400316B6E /* Foundation.framework in Frameworks */,
			);
			runOnlyForDeploymentPostprocessing = 0;
		};
/* End PBXFrameworksBuildPhase section */

/* Begin PBXGroup section */
		18EC229418B5A0B400316B6E = {
			isa = PBXGroup;
			children = (
				18EC22A618B5A0B400316B6E /* Beagle */,
				18EC22BF18B5A0B400316B6E /* BeagleTests */,
				18EC229F18B5A0B400316B6E /* Frameworks */,
				18EC229E18B5A0B400316B6E /* Products */,
			);
			sourceTree = "<group>";
		};
		18EC229E18B5A0B400316B6E /* Products */ = {
			isa = PBXGroup;
			children = (
				18EC229D18B5A0B400316B6E /* Beagle.app */,
				18EC22B818B5A0B400316B6E /* BeagleTests.xctest */,
			);
			name = Products;
			sourceTree = "<group>";
		};
		18EC229F18B5A0B400316B6E /* Frameworks */ = {
			isa = PBXGroup;
			children = (
				18EC22A018B5A0B400316B6E /* Foundation.framework */,
				18EC22A218B5A0B400316B6E /* CoreGraphics.framework */,
				18EC22A418B5A0B400316B6E /* UIKit.framework */,
				18EC22B918B5A0B400316B6E /* XCTest.framework */,
			);
			name = Frameworks;
			sourceTree = "<group>";
		};
		18EC22A618B5A0B400316B6E /* Beagle */ = {
			isa = PBXGroup;
			children = (
				18EC22AF18B5A0B400316B6E /* AppDelegate.h */,
				18EC22B018B5A0B400316B6E /* AppDelegate.m */,
				18EC22B218B5A0B400316B6E /* Images.xcassets */,
				18EC22A718B5A0B400316B6E /* Supporting Files */,
			);
			path = Beagle;
			sourceTree = "<group>";
		};
		18EC22A718B5A0B400316B6E /* Supporting Files */ = {
			isa = PBXGroup;
			children = (
				18EC22A818B5A0B400316B6E /* Beagle-Info.plist */,
				18EC22A918B5A0B400316B6E /* InfoPlist.strings */,
				18EC22AC18B5A0B400316B6E /* main.m */,
				18EC22AE18B5A0B400316B6E /* Beagle-Prefix.pch */,
			);
			name = "Supporting Files";
			sourceTree = "<group>";
		};
		18EC22BF18B5A0B400316B6E /* BeagleTests */ = {
			isa = PBXGroup;
			children = (
				18EC22C518B5A0B400316B6E /* BeagleTests.m */,
				18EC22C018B5A0B400316B6E /* Supporting Files */,
			);
			path = BeagleTests;
			sourceTree = "<group>";
		};
		18EC22C018B5A0B400316B6E /* Supporting Files */ = {
			isa = PBXGroup;
			children = (
				18EC22C118B5A0B400316B6E /* BeagleTests-Info.plist */,
				18EC22C218B5A0B400316B6E /* InfoPlist.strings */,
			);
			name = "Supporting Files";
			sourceTree = "<group>";
		};
/* End PBXGroup section */

/* Begin PBXNativeTarget section */
		18EC229C18B5A0B400316B6E /* Beagle */ = {
			isa = PBXNativeTarget;
			buildConfigurationList = 18EC22C918B5A0B400316B6E /* Build configuration list for PBXNativeTarget "Beagle" */;
			buildPhases = (
				18EC229918B5A0B400316B6E /* Sources */,
				18EC229A18B5A0B400316B6E /* Frameworks */,
				18EC229B18B5A0B400316B6E /* Resources */,
			);
			buildRules = (
			);
			dependencies = (
			);
			name = Beagle;
			productName = Beagle;
			productReference = 18EC229D18B5A0B400316B6E /* Beagle.app */;
			productType = "com.apple.product-type.application";
		};
		18EC22B718B5A0B400316B6E /* BeagleTests */ = {
			isa = PBXNativeTarget;
			buildConfigurationList = 18EC22CC18B5A0B400316B6E /* Build configuration list for PBXNativeTarget "BeagleTests" */;
			buildPhases = (
				18EC22B418B5A0B400316B6E /* Sources */,
				18EC22B518B5A0B400316B6E /* Frameworks */,
				18EC22B618B5A0B400316B6E /* Resources */,
			);
			buildRules = (
			);
			dependencies = (
				18EC22BE18B5A0B400316B6E /* PBXTargetDependency */,
			);
			name = BeagleTests;
			productName = BeagleTests;
			productReference = 18EC22B818B5A0B400316B6E /* BeagleTests.xctest */;
			productType = "com.apple.product-type.bundle.unit-test";
		};
/* End PBXNativeTarget section */

/* Begin PBXProject section */
		18EC229518B5A0B400316B6E /* Project object */ = {
			isa = PBXProject;
			attributes = {
				LastUpgradeCheck = 0500;
				ORGANIZATIONNAME = soclivity;
				TargetAttributes = {
					18EC22B718B5A0B400316B6E = {
						TestTargetID = 18EC229C18B5A0B400316B6E;
					};
				};
			};
			buildConfigurationList = 18EC229818B5A0B400316B6E /* Build configuration list for PBXProject "Beagle" */;
			compatibilityVersion = "Xcode 3.2";
			developmentRegion = English;
			hasScannedForEncodings = 0;
			knownRegions = (
				en,
			);
			mainGroup = 18EC229418B5A0B400316B6E;
			productRefGroup = 18EC229E18B5A0B400316B6E /* Products */;
			projectDirPath = "";
			projectRoot = "";
			targets = (
				18EC229C18B5A0B400316B6E /* Beagle */,
				18EC22B718B5A0B400316B6E /* BeagleTests */,
			);
		};
/* End PBXProject section */

/* Begin PBXResourcesBuildPhase section */
		18EC229B18B5A0B400316B6E /* Resources */ = {
			isa = PBXResourcesBuildPhase;
			buildActionMask = 2147483647;
			files = (
				18EC22AB18B5A0B400316B6E /* InfoPlist.strings in Resources */,
				18EC22B318B5A0B400316B6E /* Images.xcassets in Resources */,
			);
			runOnlyForDeploymentPostprocessing = 0;
		};
		18EC22B618B5A0B400316B6E /* Resources */ = {
			isa = PBXResourcesBuildPhase;
			buildActionMask = 2147483647;
			files = (
				18EC22C418B5A0B400316B6E /* InfoPlist.strings in Resources */,
			);
			runOnlyForDeploymentPostprocessing = 0;
		};
/* End PBXResourcesBuildPhase section */

/* Begin PBXSourcesBuildPhase section */
		18EC229918B5A0B400316B6E /* Sources */ = {
			isa = PBXSourcesBuildPhase;
			buildActionMask = 2147483647;
			files = (
				18EC22B118B5A0B400316B6E /* AppDelegate.m in Sources */,
				18EC22AD18B5A0B400316B6E /* main.m in Sources */,
			);
			runOnlyForDeploymentPostprocessing = 0;
		};
		18EC22B418B5A0B400316B6E /* Sources */ = {
			isa = PBXSourcesBuildPhase;
			buildActionMask = 2147483647;
			files = (
				18EC22C618B5A0B400316B6E /* BeagleTests.m in Sources */,
			);
			runOnlyForDeploymentPostprocessing = 0;
		};
/* End PBXSourcesBuildPhase section */

/* Begin PBXTargetDependency section */
		18EC22BE18B5A0B400316B6E /* PBXTargetDependency */ = {
			isa = PBXTargetDependency;
			target = 18EC229C18B5A0B400316B6E /* Beagle */;
			targetProxy = 18EC22BD18B5A0B400316B6E /* PBXContainerItemProxy */;
		};
/* End PBXTargetDependency section */

/* Begin PBXVariantGroup section */
		18EC22A918B5A0B400316B6E /* InfoPlist.strings */ = {
			isa = PBXVariantGroup;
			children = (
				18EC22AA18B5A0B400316B6E /* en */,
			);
			name = InfoPlist.strings;
			sourceTree = "<group>";
		};
		18EC22C218B5A0B400316B6E /* InfoPlist.strings */ = {
			isa = PBXVariantGroup;
			children = (
				18EC22C318B5A0B400316B6E /* en */,
			);
			name = InfoPlist.strings;
			sourceTree = "<group>";
		};
/* End PBXVariantGroup section */

/* Begin XCBuildConfiguration section */
		18EC22C718B5A0B400316B6E /* Debug */ = {
			isa = XCBuildConfiguration;
			buildSettings = {
				ALWAYS_SEARCH_USER_PATHS = NO;
				ARCHS = "$(ARCHS_STANDARD_INCLUDING_64_BIT)";
				CLANG_CXX_LANGUAGE_STANDARD = "gnu++0x";
				CLANG_CXX_LIBRARY = "libc++";
				CLANG_ENABLE_MODULES = YES;
				CLANG_ENABLE_OBJC_ARC = YES;
				CLANG_WARN_BOOL_CONVERSION = YES;
				CLANG_WARN_CONSTANT_CONVERSION = YES;
				CLANG_WARN_DIRECT_OBJC_ISA_USAGE = YES_ERROR;
				CLANG_WARN_EMPTY_BODY = YES;
				CLANG_WARN_ENUM_CONVERSION = YES;
				CLANG_WARN_INT_CONVERSION = YES;
				CLANG_WARN_OBJC_ROOT_CLASS = YES_ERROR;
				CLANG_WARN__DUPLICATE_METHOD_MATCH = YES;
				"CODE_SIGN_IDENTITY[sdk=iphoneos*]" = "iPhone Developer";
				COPY_PHASE_STRIP = NO;
				GCC_C_LANGUAGE_STANDARD = gnu99;
				GCC_DYNAMIC_NO_PIC = NO;
				GCC_OPTIMIZATION_LEVEL = 0;
				GCC_PREPROCESSOR_DEFINITIONS = (
					"DEBUG=1",
					"$(inherited)",
				);
				GCC_SYMBOLS_PRIVATE_EXTERN = NO;
				GCC_WARN_64_TO_32_BIT_CONVERSION = YES;
				GCC_WARN_ABOUT_RETURN_TYPE = YES_ERROR;
				GCC_WARN_UNDECLARED_SELECTOR = YES;
				GCC_WARN_UNINITIALIZED_AUTOS = YES;
				GCC_WARN_UNUSED_FUNCTION = YES;
				GCC_WARN_UNUSED_VARIABLE = YES;
				IPHONEOS_DEPLOYMENT_TARGET = 7.0;
				ONLY_ACTIVE_ARCH = YES;
				SDKROOT = iphoneos;
			};
			name = Debug;
		};
		18EC22C818B5A0B400316B6E /* Release */ = {
			isa = XCBuildConfiguration;
			buildSettings = {
				ALWAYS_SEARCH_USER_PATHS = NO;
				ARCHS = "$(ARCHS_STANDARD_INCLUDING_64_BIT)";
				CLANG_CXX_LANGUAGE_STANDARD = "gnu++0x";
				CLANG_CXX_LIBRARY = "libc++";
				CLANG_ENABLE_MODULES = YES;
				CLANG_ENABLE_OBJC_ARC = YES;
				CLANG_WARN_BOOL_CONVERSION = YES;
				CLANG_WARN_CONSTANT_CONVERSION = YES;
				CLANG_WARN_DIRECT_OBJC_ISA_USAGE = YES_ERROR;
				CLANG_WARN_EMPTY_BODY = YES;
				CLANG_WARN_ENUM_CONVERSION = YES;
				CLANG_WARN_INT_CONVERSION = YES;
				CLANG_WARN_OBJC_ROOT_CLASS = YES_ERROR;
				CLANG_WARN__DUPLICATE_METHOD_MATCH = YES;
				"CODE_SIGN_IDENTITY[sdk=iphoneos*]" = "iPhone Developer";
				COPY_PHASE_STRIP = YES;
				ENABLE_NS_ASSERTIONS = NO;
				GCC_C_LANGUAGE_STANDARD = gnu99;
				GCC_WARN_64_TO_32_BIT_CONVERSION = YES;
				GCC_WARN_ABOUT_RETURN_TYPE = YES_ERROR;
				GCC_WARN_UNDECLARED_SELECTOR = YES;
				GCC_WARN_UNINITIALIZED_AUTOS = YES;
				GCC_WARN_UNUSED_FUNCTION = YES;
				GCC_WARN_UNUSED_VARIABLE = YES;
				IPHONEOS_DEPLOYMENT_TARGET = 7.0;
				SDKROOT = iphoneos;
				VALIDATE_PRODUCT = YES;
			};
			name = Release;
		};
		18EC22CA18B5A0B400316B6E /* Debug */ = {
			isa = XCBuildConfiguration;
			buildSettings = {
				ASSETCATALOG_COMPILER_APPICON_NAME = AppIcon;
				ASSETCATALOG_COMPILER_LAUNCHIMAGE_NAME = LaunchImage;
				GCC_PRECOMPILE_PREFIX_HEADER = YES;
				GCC_PREFIX_HEADER = "Beagle/Beagle-Prefix.pch";
				INFOPLIST_FILE = "Beagle/Beagle-Info.plist";
				PRODUCT_NAME = "$(TARGET_NAME)";
				WRAPPER_EXTENSION = app;
			};
			name = Debug;
		};
		18EC22CB18B5A0B400316B6E /* Release */ = {
			isa = XCBuildConfiguration;
			buildSettings = {
				ASSETCATALOG_COMPILER_APPICON_NAME = AppIcon;
				ASSETCATALOG_COMPILER_LAUNCHIMAGE_NAME = LaunchImage;
				GCC_PRECOMPILE_PREFIX_HEADER = YES;
				GCC_PREFIX_HEADER = "Beagle/Beagle-Prefix.pch";
				INFOPLIST_FILE = "Beagle/Beagle-Info.plist";
				PRODUCT_NAME = "$(TARGET_NAME)";
				WRAPPER_EXTENSION = app;
			};
			name = Release;
		};
		18EC22CD18B5A0B400316B6E /* Debug */ = {
			isa = XCBuildConfiguration;
			buildSettings = {
				ARCHS = "$(ARCHS_STANDARD_INCLUDING_64_BIT)";
				BUNDLE_LOADER = "$(BUILT_PRODUCTS_DIR)/Beagle.app/Beagle";
				FRAMEWORK_SEARCH_PATHS = (
					"$(SDKROOT)/Developer/Library/Frameworks",
					"$(inherited)",
					"$(DEVELOPER_FRAMEWORKS_DIR)",
				);
				GCC_PRECOMPILE_PREFIX_HEADER = YES;
				GCC_PREFIX_HEADER = "Beagle/Beagle-Prefix.pch";
				GCC_PREPROCESSOR_DEFINITIONS = (
					"DEBUG=1",
					"$(inherited)",
				);
				INFOPLIST_FILE = "BeagleTests/BeagleTests-Info.plist";
				PRODUCT_NAME = "$(TARGET_NAME)";
				TEST_HOST = "$(BUNDLE_LOADER)";
				WRAPPER_EXTENSION = xctest;
			};
			name = Debug;
		};
		18EC22CE18B5A0B400316B6E /* Release */ = {
			isa = XCBuildConfiguration;
			buildSettings = {
				ARCHS = "$(ARCHS_STANDARD_INCLUDING_64_BIT)";
				BUNDLE_LOADER = "$(BUILT_PRODUCTS_DIR)/Beagle.app/Beagle";
				FRAMEWORK_SEARCH_PATHS = (
					"$(SDKROOT)/Developer/Library/Frameworks",
					"$(inherited)",
					"$(DEVELOPER_FRAMEWORKS_DIR)",
				);
				GCC_PRECOMPILE_PREFIX_HEADER = YES;
				GCC_PREFIX_HEADER = "Beagle/Beagle-Prefix.pch";
				INFOPLIST_FILE = "BeagleTests/BeagleTests-Info.plist";
				PRODUCT_NAME = "$(TARGET_NAME)";
				TEST_HOST = "$(BUNDLE_LOADER)";
				WRAPPER_EXTENSION = xctest;
			};
			name = Release;
		};
/* End XCBuildConfiguration section */

/* Begin XCConfigurationList section */
		18EC229818B5A0B400316B6E /* Build configuration list for PBXProject "Beagle" */ = {
			isa = XCConfigurationList;
			buildConfigurations = (
				18EC22C718B5A0B400316B6E /* Debug */,
				18EC22C818B5A0B400316B6E /* Release */,
			);
			defaultConfigurationIsVisible = 0;
			defaultConfigurationName = Release;
		};
		18EC22C918B5A0B400316B6E /* Build configuration list for PBXNativeTarget "Beagle" */ = {
			isa = XCConfigurationList;
			buildConfigurations = (
				18EC22CA18B5A0B400316B6E /* Debug */,
				18EC22CB18B5A0B400316B6E /* Release */,
			);
			defaultConfigurationIsVisible = 0;
		};
		18EC22CC18B5A0B400316B6E /* Build configuration list for PBXNativeTarget "BeagleTests" */ = {
			isa = XCConfigurationList;
			buildConfigurations = (
				18EC22CD18B5A0B400316B6E /* Debug */,
				18EC22CE18B5A0B400316B6E /* Release */,
			);
			defaultConfigurationIsVisible = 0;
		};
/* End XCConfigurationList section */
	};
	rootObject = 18EC229518B5A0B400316B6E /* Project object */;
}
